
Microsoft Visual Studio Solution File, Format Version 12.00
# Visual Studio Version 17
VisualStudioVersion = 17.4.33110.190
MinimumVisualStudioVersion = 10.0.40219.1
Project("{FAE04EC0-301F-11D3-BF4B-00C04F79EFBC}") = "Proxy", "Proxy\Proxy.csproj", "{E2C8C210-7FB7-47BF-A03F-D0C7F1685FF8}"
EndProject
Global
	GlobalSection(SolutionConfigurationPlatforms) = preSolution
		Debug|Any CPU = Debug|Any CPU
		Release|Any CPU = Release|Any CPU
	EndGlobalSection
	GlobalSection(ProjectConfigurationPlatforms) = postSolution
		{E2C8C210-7FB7-47BF-A03F-D0C7F1685FF8}.Debug|Any CPU.ActiveCfg = Debug|Any CPU
		{E2C8C210-7FB7-47BF-A03F-D0C7F1685FF8}.Debug|Any CPU.Build.0 = Debug|Any CPU
		{E2C8C210-7FB7-47BF-A03F-D0C7F1685FF8}.Release|Any CPU.ActiveCfg = Release|Any CPU
		{E2C8C210-7FB7-47BF-A03F-D0C7F1685FF8}.Release|Any CPU.Build.0 = Release|Any CPU
	EndGlobalSection
	GlobalSection(SolutionProperties) = preSolution
		HideSolutionNode = FALSE
	EndGlobalSection
	GlobalSection(ExtensibilityGlobals) = postSolution
		SolutionGuid = {695CC98A-9BB0-45F6-A172-5C3EF32F9E0C}
	EndGlobalSection
EndGlobal
